<?xml version="1.0" encoding="utf-8"?>
<Project ToolsVersion="4.0" xmlns="http://schemas.microsoft.com/developer/msbuild/2003">
  <ItemGroup>
    <Filter Include="include">
      <UniqueIdentifier>{639423e3-a1f2-4903-b24c-44027aff82ba}</UniqueIdentifier>
    </Filter>
    <Filter Include="src">
      <UniqueIdentifier>{04789c41-279b-4c5b-bd44-23ec4032ffc1}</UniqueIdentifier>
    </Filter>
    <Filter Include="shaders">
      <UniqueIdentifier>{a38c7ec7-72ff-4224-b615-c8f8cb1e3b5d}</UniqueIdentifier>
    </Filter>
  </ItemGroup>
  <ItemGroup>
    <ClCompile Include="src\shader.cpp">
      <Filter>src</Filter>
    </ClCompile>
    <ClCompile Include="src\texture.cpp">
      <Filter>src</Filter>
    </ClCompile>
    <ClCompile Include="src\model.cpp">
      <Filter>src</Filter>
    </ClCompile>
    <ClCompile Include="src\scene.cpp">
      <Filter>src</Filter>
    </ClCompile>
    <ClCompile Include="src\TextureManager.cpp">
      <Filter>src</Filter>
    </ClCompile>
    <ClCompile Include="src\LightingManager.cpp">
      <Filter>src</Filter>
    </ClCompile>
    <ClCompile Include="src\portals.cpp">
      <Filter>src</Filter>
    </ClCompile>
    <ClCompile Include="src\main.cpp">
      <Filter>src</Filter>
    </ClCompile>
    <ClCompile Include="src\debug.cpp">
      <Filter>src</Filter>
    </ClCompile>
  </ItemGroup>
  <ItemGroup>
    <None Include="shaders\light.frag">
      <Filter>shaders</Filter>
    </None>
    <None Include="shaders\light.vert">
      <Filter>shaders</Filter>
    </None>
    <None Include="shaders\portal.vert">
      <Filter>shaders</Filter>
    </None>
    <None Include="shaders\portal.frag">
      <Filter>shaders</Filter>
    </None>
    <None Include="shaders\standard.vert">
      <Filter>shaders</Filter>
    </None>
    <None Include="shaders\standard.frag">
      <Filter>shaders</Filter>
    </None>
  </ItemGroup>
  <ItemGroup>
    <ClInclude Include="include\shader.hpp">
      <Filter>include</Filter>
    </ClInclude>
    <ClInclude Include="include\stb_image.h">
      <Filter>include</Filter>
    </ClInclude>
    <ClInclude Include="include\texture.hpp">
      <Filter>include</Filter>
    </ClInclude>
    <ClInclude Include="include\tiny_obj_loader.h">
      <Filter>include</Filter>
    </ClInclude>
    <ClInclude Include="include\model.hpp">
      <Filter>include</Filter>
    </ClInclude>
    <ClInclude Include="include\scene.hpp">
      <Filter>include</Filter>
    </ClInclude>
    <ClInclude Include="include\TextureManager.hpp">
      <Filter>include</Filter>
    </ClInclude>
    <ClInclude Include="include\LightingManager.hpp">
      <Filter>include</Filter>
    </ClInclude>
    <ClInclude Include="include\portals.hpp">
      <Filter>include</Filter>
    </ClInclude>
    <ClInclude Include="include\debug.hpp">
      <Filter>include</Filter>
    </ClInclude>
  </ItemGroup>
</Project>